// !$*UTF8*$!
{
	archiveVersion = 1;
	classes = {
	};
	objectVersion = 46;
	objects = {

/* Begin PBXBuildFile section */
		6B035F9A1E14EAA900679E11 /* AppDelegate.swift in Sources */ = {isa = PBXBuildFile; fileRef = 6B035F991E14EAA900679E11 /* AppDelegate.swift */; };
		6B035F9C1E14EAA900679E11 /* ViewController.swift in Sources */ = {isa = PBXBuildFile; fileRef = 6B035F9B1E14EAA900679E11 /* ViewController.swift */; };
		6B035F9F1E14EAA900679E11 /* Main.storyboard in Resources */ = {isa = PBXBuildFile; fileRef = 6B035F9D1E14EAA900679E11 /* Main.storyboard */; };
		6B035FA11E14EAA900679E11 /* Assets.xcassets in Resources */ = {isa = PBXBuildFile; fileRef = 6B035FA01E14EAA900679E11 /* Assets.xcassets */; };
		6B035FA41E14EAA900679E11 /* LaunchScreen.storyboard in Resources */ = {isa = PBXBuildFile; fileRef = 6B035FA21E14EAA900679E11 /* LaunchScreen.storyboard */; };
		6B035FAC1E14F2A800679E11 /* User.swift in Sources */ = {isa = PBXBuildFile; fileRef = 6B035FAB1E14F2A800679E11 /* User.swift */; };
		6B57C2291E1B476500757E84 /* PostsTableViewController.swift in Sources */ = {isa = PBXBuildFile; fileRef = 6B57C2281E1B476500757E84 /* PostsTableViewController.swift */; };
		6B57C22C1E1B489A00757E84 /* PostTableViewCell.swift in Sources */ = {isa = PBXBuildFile; fileRef = 6B57C22B1E1B489A00757E84 /* PostTableViewCell.swift */; };
		6B57C22E1E1B629000757E84 /* CircularImage.swift in Sources */ = {isa = PBXBuildFile; fileRef = 6B57C22D1E1B629000757E84 /* CircularImage.swift */; };
		BC1E96B7FA26E7586883C589 /* Pods_LendrApp.framework in Frameworks */ = {isa = PBXBuildFile; fileRef = 64AC4A6CF968681495223994 /* Pods_LendrApp.framework */; };
/* End PBXBuildFile section */

/* Begin PBXFileReference section */
		64AC4A6CF968681495223994 /* Pods_LendrApp.framework */ = {isa = PBXFileReference; explicitFileType = wrapper.framework; includeInIndex = 0; path = Pods_LendrApp.framework; sourceTree = BUILT_PRODUCTS_DIR; };
		6B035F961E14EAA900679E11 /* LendrApp.app */ = {isa = PBXFileReference; explicitFileType = wrapper.application; includeInIndex = 0; path = LendrApp.app; sourceTree = BUILT_PRODUCTS_DIR; };
		6B035F991E14EAA900679E11 /* AppDelegate.swift */ = {isa = PBXFileReference; lastKnownFileType = sourcecode.swift; path = AppDelegate.swift; sourceTree = "<group>"; };
		6B035F9B1E14EAA900679E11 /* ViewController.swift */ = {isa = PBXFileReference; lastKnownFileType = sourcecode.swift; path = ViewController.swift; sourceTree = "<group>"; };
		6B035F9E1E14EAA900679E11 /* Base */ = {isa = PBXFileReference; lastKnownFileType = file.storyboard; name = Base; path = Base.lproj/Main.storyboard; sourceTree = "<group>"; };
		6B035FA01E14EAA900679E11 /* Assets.xcassets */ = {isa = PBXFileReference; lastKnownFileType = folder.assetcatalog; path = Assets.xcassets; sourceTree = "<group>"; };
		6B035FA31E14EAA900679E11 /* Base */ = {isa = PBXFileReference; lastKnownFileType = file.storyboard; name = Base; path = Base.lproj/LaunchScreen.storyboard; sourceTree = "<group>"; };
		6B035FA51E14EAA900679E11 /* Info.plist */ = {isa = PBXFileReference; lastKnownFileType = text.plist.xml; path = Info.plist; sourceTree = "<group>"; };
		6B035FAB1E14F2A800679E11 /* User.swift */ = {isa = PBXFileReference; fileEncoding = 4; lastKnownFileType = sourcecode.swift; path = User.swift; sourceTree = "<group>"; };
		6B57C2281E1B476500757E84 /* PostsTableViewController.swift */ = {isa = PBXFileReference; fileEncoding = 4; lastKnownFileType = sourcecode.swift; path = PostsTableViewController.swift; sourceTree = "<group>"; };
		6B57C22B1E1B489A00757E84 /* PostTableViewCell.swift */ = {isa = PBXFileReference; fileEncoding = 4; lastKnownFileType = sourcecode.swift; path = PostTableViewCell.swift; sourceTree = "<group>"; };
		6B57C22D1E1B629000757E84 /* CircularImage.swift */ = {isa = PBXFileReference; fileEncoding = 4; lastKnownFileType = sourcecode.swift; path = CircularImage.swift; sourceTree = "<group>"; };
		D76A3B324CD36B7CD282E475 /* Pods-LendrApp.release.xcconfig */ = {isa = PBXFileReference; includeInIndex = 1; lastKnownFileType = text.xcconfig; name = "Pods-LendrApp.release.xcconfig"; path = "Pods/Target Support Files/Pods-LendrApp/Pods-LendrApp.release.xcconfig"; sourceTree = "<group>"; };
		DE751B9E06B5770A2810ECCE /* Pods-LendrApp.debug.xcconfig */ = {isa = PBXFileReference; includeInIndex = 1; lastKnownFileType = text.xcconfig; name = "Pods-LendrApp.debug.xcconfig"; path = "Pods/Target Support Files/Pods-LendrApp/Pods-LendrApp.debug.xcconfig"; sourceTree = "<group>"; };
/* End PBXFileReference section */

/* Begin PBXFrameworksBuildPhase section */
		6B035F931E14EAA900679E11 /* Frameworks */ = {
			isa = PBXFrameworksBuildPhase;
			buildActionMask = 2147483647;
			files = (
				BC1E96B7FA26E7586883C589 /* Pods_LendrApp.framework in Frameworks */,
			);
			runOnlyForDeploymentPostprocessing = 0;
		};
/* End PBXFrameworksBuildPhase section */

/* Begin PBXGroup section */
		6B035F8D1E14EAA900679E11 = {
			isa = PBXGroup;
			children = (
				6B035F981E14EAA900679E11 /* LendrApp */,
				6B035F971E14EAA900679E11 /* Products */,
				85042241B46DD3C564DEA29B /* Pods */,
				6EFD93AFE68E1155BA1A3543 /* Frameworks */,
			);
			sourceTree = "<group>";
		};
		6B035F971E14EAA900679E11 /* Products */ = {
			isa = PBXGroup;
			children = (
				6B035F961E14EAA900679E11 /* LendrApp.app */,
			);
			name = Products;
			sourceTree = "<group>";
		};
		6B035F981E14EAA900679E11 /* LendrApp */ = {
			isa = PBXGroup;
			children = (
				6B57C22A1E1B479700757E84 /* Controllers */,
				6B57C2271E1B402300757E84 /* UISubClasses */,
				6B035FAD1E170DB900679E11 /* Model */,
				6B035F991E14EAA900679E11 /* AppDelegate.swift */,
				6B035F9B1E14EAA900679E11 /* ViewController.swift */,
				6B035F9D1E14EAA900679E11 /* Main.storyboard */,
				6B035FA01E14EAA900679E11 /* Assets.xcassets */,
				6B035FA21E14EAA900679E11 /* LaunchScreen.storyboard */,
				6B035FA51E14EAA900679E11 /* Info.plist */,
				6B57C22B1E1B489A00757E84 /* PostTableViewCell.swift */,
			);
			path = LendrApp;
			sourceTree = "<group>";
		};
		6B035FAD1E170DB900679E11 /* Model */ = {
			isa = PBXGroup;
			children = (
				6B035FAB1E14F2A800679E11 /* User.swift */,
			);
			name = Model;
			sourceTree = "<group>";
		};
		6B57C2271E1B402300757E84 /* UISubClasses */ = {
			isa = PBXGroup;
			children = (
				6B57C22D1E1B629000757E84 /* CircularImage.swift */,
			);
			name = UISubClasses;
			sourceTree = "<group>";
		};
		6B57C22A1E1B479700757E84 /* Controllers */ = {
			isa = PBXGroup;
			children = (
				6B57C2281E1B476500757E84 /* PostsTableViewController.swift */,
			);
			name = Controllers;
			sourceTree = "<group>";
		};
		6EFD93AFE68E1155BA1A3543 /* Frameworks */ = {
			isa = PBXGroup;
			children = (
				64AC4A6CF968681495223994 /* Pods_LendrApp.framework */,
			);
			name = Frameworks;
			sourceTree = "<group>";
		};
		85042241B46DD3C564DEA29B /* Pods */ = {
			isa = PBXGroup;
			children = (
				DE751B9E06B5770A2810ECCE /* Pods-LendrApp.debug.xcconfig */,
				D76A3B324CD36B7CD282E475 /* Pods-LendrApp.release.xcconfig */,
			);
			name = Pods;
			sourceTree = "<group>";
		};
/* End PBXGroup section */

/* Begin PBXNativeTarget section */
		6B035F951E14EAA900679E11 /* LendrApp */ = {
			isa = PBXNativeTarget;
			buildConfigurationList = 6B035FA81E14EAA900679E11 /* Build configuration list for PBXNativeTarget "LendrApp" */;
			buildPhases = (
				0384A05522A07C65326D11EE /* [CP] Check Pods Manifest.lock */,
				6B035F921E14EAA900679E11 /* Sources */,
				6B035F931E14EAA900679E11 /* Frameworks */,
				6B035F941E14EAA900679E11 /* Resources */,
				6A4B747DF0A69111E91D9C65 /* [CP] Embed Pods Frameworks */,
				4B0F30D13E709B88F86F3B7E /* [CP] Copy Pods Resources */,
			);
			buildRules = (
			);
			dependencies = (
			);
			name = LendrApp;
			productName = LendrApp;
			productReference = 6B035F961E14EAA900679E11 /* LendrApp.app */;
			productType = "com.apple.product-type.application";
		};
/* End PBXNativeTarget section */

/* Begin PBXProject section */
		6B035F8E1E14EAA900679E11 /* Project object */ = {
			isa = PBXProject;
			attributes = {
				LastSwiftUpdateCheck = 0820;
				LastUpgradeCheck = 0820;
				ORGANIZATIONNAME = Lendr;
				TargetAttributes = {
					6B035F951E14EAA900679E11 = {
						CreatedOnToolsVersion = 8.2.1;
						DevelopmentTeam = S3A4BSTJ8Y;
						ProvisioningStyle = Automatic;
					};
				};
			};
			buildConfigurationList = 6B035F911E14EAA900679E11 /* Build configuration list for PBXProject "LendrApp" */;
			compatibilityVersion = "Xcode 3.2";
			developmentRegion = English;
			hasScannedForEncodings = 0;
			knownRegions = (
				en,
				Base,
			);
			mainGroup = 6B035F8D1E14EAA900679E11;
			productRefGroup = 6B035F971E14EAA900679E11 /* Products */;
			projectDirPath = "";
			projectRoot = "";
			targets = (
				6B035F951E14EAA900679E11 /* LendrApp */,
			);
		};
/* End PBXProject section */

/* Begin PBXResourcesBuildPhase section */
		6B035F941E14EAA900679E11 /* Resources */ = {
			isa = PBXResourcesBuildPhase;
			buildActionMask = 2147483647;
			files = (
				6B035FA41E14EAA900679E11 /* LaunchScreen.storyboard in Resources */,
				6B035FA11E14EAA900679E11 /* Assets.xcassets in Resources */,
				6B035F9F1E14EAA900679E11 /* Main.storyboard in Resources */,
			);
			runOnlyForDeploymentPostprocessing = 0;
		};
/* End PBXResourcesBuildPhase section */

/* Begin PBXShellScriptBuildPhase section */
		0384A05522A07C65326D11EE /* [CP] Check Pods Manifest.lock */ = {
			isa = PBXShellScriptBuildPhase;
			buildActionMask = 2147483647;
			files = (
			);
			inputPaths = (
			);
			name = "[CP] Check Pods Manifest.lock";
			outputPaths = (
			);
			runOnlyForDeploymentPostprocessing = 0;
			shellPath = /bin/sh;
			shellScript = "diff \"${PODS_ROOT}/../Podfile.lock\" \"${PODS_ROOT}/Manifest.lock\" > /dev/null\nif [ $? != 0 ] ; then\n    # print error to STDERR\n    echo \"error: The sandbox is not in sync with the Podfile.lock. Run 'pod install' or update your CocoaPods installation.\" >&2\n    exit 1\nfi\n";
			showEnvVarsInLog = 0;
		};
		4B0F30D13E709B88F86F3B7E /* [CP] Copy Pods Resources */ = {
			isa = PBXShellScriptBuildPhase;
			buildActionMask = 2147483647;
			files = (
			);
			inputPaths = (
			);
			name = "[CP] Copy Pods Resources";
			outputPaths = (
			);
			runOnlyForDeploymentPostprocessing = 0;
			shellPath = /bin/sh;
			shellScript = "\"${SRCROOT}/Pods/Target Support Files/Pods-LendrApp/Pods-LendrApp-resources.sh\"\n";
			showEnvVarsInLog = 0;
		};
		6A4B747DF0A69111E91D9C65 /* [CP] Embed Pods Frameworks */ = {
			isa = PBXShellScriptBuildPhase;
			buildActionMask = 2147483647;
			files = (
			);
			inputPaths = (
			);
			name = "[CP] Embed Pods Frameworks";
			outputPaths = (
			);
			runOnlyForDeploymentPostprocessing = 0;
			shellPath = /bin/sh;
			shellScript = "\"${SRCROOT}/Pods/Target Support Files/Pods-LendrApp/Pods-LendrApp-frameworks.sh\"\n";
			showEnvVarsInLog = 0;
		};
/* End PBXShellScriptBuildPhase section */

/* Begin PBXSourcesBuildPhase section */
		6B035F921E14EAA900679E11 /* Sources */ = {
			isa = PBXSourcesBuildPhase;
			buildActionMask = 2147483647;
			files = (
				6B035F9C1E14EAA900679E11 /* ViewController.swift in Sources */,
				6B035F9A1E14EAA900679E11 /* AppDelegate.swift in Sources */,
				6B57C22E1E1B629000757E84 /* CircularImage.swift in Sources */,
				6B035FAC1E14F2A800679E11 /* User.swift in Sources */,
				6B57C2291E1B476500757E84 /* PostsTableViewController.swift in Sources */,
				6B57C22C1E1B489A00757E84 /* PostTableViewCell.swift in Sources */,
			);
			runOnlyForDeploymentPostprocessing = 0;
		};
/* End PBXSourcesBuildPhase section */

/* Begin PBXVariantGroup section */
		6B035F9D1E14EAA900679E11 /* Main.storyboard */ = {
			isa = PBXVariantGroup;
			children = (
				6B035F9E1E14EAA900679E11 /* Base */,
			);
			name = Main.storyboard;
			sourceTree = "<group>";
		};
		6B035FA21E14EAA900679E11 /* LaunchScreen.storyboard */ = {
			isa = PBXVariantGroup;
			children = (
				6B035FA31E14EAA900679E11 /* Base */,
			);
			name = LaunchScreen.storyboard;
			sourceTree = "<group>";
		};
/* End PBXVariantGroup section */

/* Begin XCBuildConfiguration section */
		6B035FA61E14EAA900679E11 /* Debug */ = {
			isa = XCBuildConfiguration;
			buildSettings = {
				ALWAYS_SEARCH_USER_PATHS = NO;
				CLANG_ANALYZER_NONNULL = YES;
				CLANG_CXX_LANGUAGE_STANDARD = "gnu++0x";
				CLANG_CXX_LIBRARY = "libc++";
				CLANG_ENABLE_MODULES = YES;
				CLANG_ENABLE_OBJC_ARC = YES;
				CLANG_WARN_BOOL_CONVERSION = YES;
				CLANG_WARN_CONSTANT_CONVERSION = YES;
				CLANG_WARN_DIRECT_OBJC_ISA_USAGE = YES_ERROR;
				CLANG_WARN_DOCUMENTATION_COMMENTS = YES;
				CLANG_WARN_EMPTY_BODY = YES;
				CLANG_WARN_ENUM_CONVERSION = YES;
				CLANG_WARN_INFINITE_RECURSION = YES;
				CLANG_WARN_INT_CONVERSION = YES;
				CLANG_WARN_OBJC_ROOT_CLASS = YES_ERROR;
				CLANG_WARN_SUSPICIOUS_MOVE = YES;
				CLANG_WARN_UNREACHABLE_CODE = YES;
				CLANG_WARN__DUPLICATE_METHOD_MATCH = YES;
				"CODE_SIGN_IDENTITY[sdk=iphoneos*]" = "iPhone Developer";
				COPY_PHASE_STRIP = NO;
				DEBUG_INFORMATION_FORMAT = dwarf;
				ENABLE_STRICT_OBJC_MSGSEND = YES;
				ENABLE_TESTABILITY = YES;
				GCC_C_LANGUAGE_STANDARD = gnu99;
				GCC_DYNAMIC_NO_PIC = NO;
				GCC_NO_COMMON_BLOCKS = YES;
				GCC_OPTIMIZATION_LEVEL = 0;
				GCC_PREPROCESSOR_DEFINITIONS = (
					"DEBUG=1",
					"$(inherited)",
				);
				GCC_WARN_64_TO_32_BIT_CONVERSION = YES;
				GCC_WARN_ABOUT_RETURN_TYPE = YES_ERROR;
				GCC_WARN_UNDECLARED_SELECTOR = YES;
				GCC_WARN_UNINITIALIZED_AUTOS = YES_AGGRESSIVE;
				GCC_WARN_UNUSED_FUNCTION = YES;
				GCC_WARN_UNUSED_VARIABLE = YES;
				IPHONEOS_DEPLOYMENT_TARGET = 10.2;
				MTL_ENABLE_DEBUG_INFO = YES;
				ONLY_ACTIVE_ARCH = YES;
				SDKROOT = iphoneos;
				SWIFT_ACTIVE_COMPILATION_CONDITIONS = DEBUG;
				SWIFT_OPTIMIZATION_LEVEL = "-Onone";
			};
			name = Debug;
		};
		6B035FA71E14EAA900679E11 /* Release */ = {
			isa = XCBuildConfiguration;
			buildSettings = {
				ALWAYS_SEARCH_USER_PATHS = NO;
				CLANG_ANALYZER_NONNULL = YES;
				CLANG_CXX_LANGUAGE_STANDARD = "gnu++0x";
				CLANG_CXX_LIBRARY = "libc++";
				CLANG_ENABLE_MODULES = YES;
				CLANG_ENABLE_OBJC_ARC = YES;
				CLANG_WARN_BOOL_CONVERSION = YES;
				CLANG_WARN_CONSTANT_CONVERSION = YES;
				CLANG_WARN_DIRECT_OBJC_ISA_USAGE = YES_ERROR;
				CLANG_WARN_DOCUMENTATION_COMMENTS = YES;
				CLANG_WARN_EMPTY_BODY = YES;
				CLANG_WARN_ENUM_CONVERSION = YES;
				CLANG_WARN_INFINITE_RECURSION = YES;
				CLANG_WARN_INT_CONVERSION = YES;
				CLANG_WARN_OBJC_ROOT_CLASS = YES_ERROR;
				CLANG_WARN_SUSPICIOUS_MOVE = YES;
				CLANG_WARN_UNREACHABLE_CODE = YES;
				CLANG_WARN__DUPLICATE_METHOD_MATCH = YES;
				"CODE_SIGN_IDENTITY[sdk=iphoneos*]" = "iPhone Developer";
				COPY_PHASE_STRIP = NO;
				DEBUG_INFORMATION_FORMAT = "dwarf-with-dsym";
				ENABLE_NS_ASSERTIONS = NO;
				ENABLE_STRICT_OBJC_MSGSEND = YES;
				GCC_C_LANGUAGE_STANDARD = gnu99;
				GCC_NO_COMMON_BLOCKS = YES;
				GCC_WARN_64_TO_32_BIT_CONVERSION = YES;
				GCC_WARN_ABOUT_RETURN_TYPE = YES_ERROR;
				GCC_WARN_UNDECLARED_SELECTOR = YES;
				GCC_WARN_UNINITIALIZED_AUTOS = YES_AGGRESSIVE;
				GCC_WARN_UNUSED_FUNCTION = YES;
				GCC_WARN_UNUSED_VARIABLE = YES;
				IPHONEOS_DEPLOYMENT_TARGET = 10.2;
				MTL_ENABLE_DEBUG_INFO = NO;
				SDKROOT = iphoneos;
				SWIFT_OPTIMIZATION_LEVEL = "-Owholemodule";
				VALIDATE_PRODUCT = YES;
			};
			name = Release;
		};
		6B035FA91E14EAA900679E11 /* Debug */ = {
			isa = XCBuildConfiguration;
			baseConfigurationReference = DE751B9E06B5770A2810ECCE /* Pods-LendrApp.debug.xcconfig */;
			buildSettings = {
				ALWAYS_EMBED_SWIFT_STANDARD_LIBRARIES = YES;
				ASSETCATALOG_COMPILER_APPICON_NAME = AppIcon;
				DEVELOPMENT_TEAM = S3A4BSTJ8Y;
				INFOPLIST_FILE = LendrApp/Info.plist;
				IPHONEOS_DEPLOYMENT_TARGET = 9.0;
				LD_RUNPATH_SEARCH_PATHS = "$(inherited) @executable_path/Frameworks";
				PRODUCT_BUNDLE_IDENTIFIER = com.Lendr.LendrApp;
				PRODUCT_NAME = "$(TARGET_NAME)";
				SWIFT_VERSION = 3.0;
			};
			name = Debug;
		};
		6B035FAA1E14EAA900679E11 /* Release */ = {
			isa = XCBuildConfiguration;
			baseConfigurationReference = D76A3B324CD36B7CD282E475 /* Pods-LendrApp.release.xcconfig */;
			buildSettings = {
				ALWAYS_EMBED_SWIFT_STANDARD_LIBRARIES = YES;
				ASSETCATALOG_COMPILER_APPICON_NAME = AppIcon;
				DEVELOPMENT_TEAM = S3A4BSTJ8Y;
				INFOPLIST_FILE = LendrApp/Info.plist;
				IPHONEOS_DEPLOYMENT_TARGET = 9.0;
				LD_RUNPATH_SEARCH_PATHS = "$(inherited) @executable_path/Frameworks";
				PRODUCT_BUNDLE_IDENTIFIER = com.Lendr.LendrApp;
				PRODUCT_NAME = "$(TARGET_NAME)";
				SWIFT_VERSION = 3.0;
			};
			name = Release;
		};
/* End XCBuildConfiguration section */

/* Begin XCConfigurationList section */
		6B035F911E14EAA900679E11 /* Build configuration list for PBXProject "LendrApp" */ = {
			isa = XCConfigurationList;
			buildConfigurations = (
				6B035FA61E14EAA900679E11 /* Debug */,
				6B035FA71E14EAA900679E11 /* Release */,
			);
			defaultConfigurationIsVisible = 0;
			defaultConfigurationName = Release;
		};
		6B035FA81E14EAA900679E11 /* Build configuration list for PBXNativeTarget "LendrApp" */ = {
			isa = XCConfigurationList;
			buildConfigurations = (
				6B035FA91E14EAA900679E11 /* Debug */,
				6B035FAA1E14EAA900679E11 /* Release */,
			);
			defaultConfigurationIsVisible = 0;
			defaultConfigurationName = Release;
		};
/* End XCConfigurationList section */
	};
	rootObject = 6B035F8E1E14EAA900679E11 /* Project object */;
}
